
Microsoft Visual Studio Solution File, Format Version 12.00
# Visual Studio Version 17
VisualStudioVersion = 17.5.002.0
MinimumVisualStudioVersion = 10.0.40219.1
Project("{9A19103F-16F7-4668-BE54-9A1E7A4F7556}") = "Homework_6", "Homework_6\Homework_6.csproj", "{C1841DDB-F87C-4530-A0F3-E4EA8E672FBF}"
EndProject
Global
	GlobalSection(SolutionConfigurationPlatforms) = preSolution
		Debug|Any CPU = Debug|Any CPU
		Release|Any CPU = Release|Any CPU
	EndGlobalSection
	GlobalSection(ProjectConfigurationPlatforms) = postSolution
		{C1841DDB-F87C-4530-A0F3-E4EA8E672FBF}.Debug|Any CPU.ActiveCfg = Debug|Any CPU
		{C1841DDB-F87C-4530-A0F3-E4EA8E672FBF}.Debug|Any CPU.Build.0 = Debug|Any CPU
		{C1841DDB-F87C-4530-A0F3-E4EA8E672FBF}.Release|Any CPU.ActiveCfg = Release|Any CPU
		{C1841DDB-F87C-4530-A0F3-E4EA8E672FBF}.Release|Any CPU.Build.0 = Release|Any CPU
	EndGlobalSection
	GlobalSection(SolutionProperties) = preSolution
		HideSolutionNode = FALSE
	EndGlobalSection
	GlobalSection(ExtensibilityGlobals) = postSolution
		SolutionGuid = {BE853970-7DB5-4E60-9C20-5716E193AB2A}
	EndGlobalSection
EndGlobal
